{
  "name": "@repo/db",
  "version": "0.0.1",
  "lockfileVersion": 3,
  "requires": true,
  "packages": {
    "": {
      "name": "@repo/db",
      "version": "0.0.1",
      "dependencies": {
        "@prisma/adapter-mariadb": "^7.0.0",
        "@prisma/client": "^7.0.0",
        "dotenv": "^16.4.0",
        "redis": "^5.11.0"
      },
      "devDependencies": {
        "@types/node": "^25.4.0",
        "mariadb": "^3.4.0",
        "prisma": "^7.0.0",
        "tsx": "^4.20.0",
        "typescript": "^5.9.2"
      }
    },
    "../../node_modules/.pnpm/@prisma+adapter-mariadb@7.4.2/node_modules/@prisma/adapter-mariadb": {
      "version": "7.4.2",
      "license": "Apache-2.0",
      "dependencies": {
        "@prisma/driver-adapter-utils": "7.4.2",
        "mariadb": "3.4.5"
      }
    },
    "../../node_modules/.pnpm/@prisma+client@7.4.2_prisma_ee55e7c5e4768a163ad532329cca69d2/node_modules/@prisma/client": {
      "version": "7.4.2",
      "license": "Apache-2.0",
      "dependencies": {
        "@prisma/client-runtime-utils": "7.4.2"
      },
      "devDependencies": {
        "@cloudflare/workers-types": "^4.20251014.0",
        "@codspeed/benchmark.js-plugin": "4.0.0",
        "@faker-js/faker": "9.6.0",
        "@fast-check/jest": "2.0.3",
        "@hono/node-server": "1.19.0",
        "@inquirer/prompts": "7.3.3",
        "@jest/create-cache-key-function": "29.7.0",
        "@jest/globals": "29.7.0",
        "@jest/test-sequencer": "29.7.0",
        "@libsql/client": "0.8.1",
        "@neondatabase/serverless": "0.10.2",
        "@opentelemetry/api": "1.9.0",
        "@opentelemetry/context-async-hooks": "2.1.0",
        "@opentelemetry/instrumentation": "0.206.0",
        "@opentelemetry/resources": "2.1.0",
        "@opentelemetry/sdk-trace-base": "2.1.0",
        "@opentelemetry/semantic-conventions": "1.37.0",
        "@planetscale/database": "1.19.0",
        "@prisma/adapter-better-sqlite3": "7.4.2",
        "@prisma/adapter-d1": "7.4.2",
        "@prisma/adapter-libsql": "7.4.2",
        "@prisma/adapter-mariadb": "7.4.2",
        "@prisma/adapter-mssql": "7.4.2",
        "@prisma/adapter-neon": "7.4.2",
        "@prisma/adapter-pg": "7.4.2",
        "@prisma/adapter-planetscale": "7.4.2",
        "@prisma/client-common": "7.4.2",
        "@prisma/client-engine-runtime": "7.4.2",
        "@prisma/client-generator-js": "7.4.2",
        "@prisma/client-generator-ts": "7.4.2",
        "@prisma/config": "7.4.2",
        "@prisma/debug": "7.4.2",
        "@prisma/dmmf": "7.4.2",
        "@prisma/driver-adapter-utils": "7.4.2",
        "@prisma/engines": "7.4.2",
        "@prisma/engines-version": "7.5.0-10.94a226be1cf2967af2541cca5529f0f7ba866919",
        "@prisma/fetch-engine": "7.4.2",
        "@prisma/generator": "7.4.2",
        "@prisma/generator-helper": "7.4.2",
        "@prisma/get-platform": "7.4.2",
        "@prisma/instrumentation": "7.4.2",
        "@prisma/instrumentation-contract": "7.4.2",
        "@prisma/internals": "7.4.2",
        "@prisma/json-protocol": "7.4.2",
        "@prisma/migrate": "7.4.2",
        "@prisma/param-graph": "7.4.2",
        "@prisma/param-graph-builder": "7.4.2",
        "@prisma/query-compiler-wasm": "7.5.0-10.94a226be1cf2967af2541cca5529f0f7ba866919",
        "@prisma/query-plan-executor": "7.4.2",
        "@prisma/sqlcommenter": "7.4.2",
        "@prisma/sqlcommenter-trace-context": "7.4.2",
        "@prisma/ts-builders": "7.4.2",
        "@snaplet/copycat": "6.0.0",
        "@swc-node/register": "1.10.9",
        "@swc/core": "1.11.5",
        "@swc/jest": "0.2.37",
        "@timsuchanek/copy": "1.4.5",
        "@types/debug": "4.1.12",
        "@types/fs-extra": "11.0.4",
        "@types/jest": "29.5.14",
        "@types/js-levenshtein": "1.1.3",
        "@types/mssql": "9.1.8",
        "@types/node": "~20.19.24",
        "@types/pg": "8.11.11",
        "arg": "5.0.2",
        "benchmark": "2.1.4",
        "cookie-es": "2.0.0",
        "execa": "8.0.1",
        "expect-type": "1.2.2",
        "fs-extra": "11.3.0",
        "get-stream": "6.0.1",
        "globby": "11.1.0",
        "indent-string": "4.0.0",
        "jest": "29.7.0",
        "jest-extended": "4.0.2",
        "jest-junit": "16.0.0",
        "jest-serializer-ansi-escapes": "4.0.0",
        "jest-snapshot": "29.7.0",
        "js-levenshtein": "1.1.6",
        "kleur": "4.1.5",
        "klona": "2.0.6",
        "mariadb": "3.4.5",
        "memfs": "4.17.2",
        "mssql": "11.0.1",
        "new-github-issue-url": "0.2.1",
        "p-retry": "4.6.2",
        "pg": "8.14.1",
        "resolve": "1.22.10",
        "simple-statistics": "7.8.8",
        "sort-keys": "5.1.0",
        "source-map-support": "0.5.21",
        "stacktrace-parser": "0.1.11",
        "strip-ansi": "7.1.0",
        "strip-indent": "4.0.0",
        "tempy": "3.0.0",
        "ts-pattern": "5.6.2",
        "tsd": "0.31.2",
        "typescript": "5.4.5",
        "undici": "7.4.0",
        "zx": "8.4.1"
      },
      "engines": {
        "node": "^20.19 || ^22.12 || >=24.0"
      },
      "peerDependencies": {
        "prisma": "*",
        "typescript": ">=5.4.0"
      },
      "peerDependenciesMeta": {
        "prisma": {
          "optional": true
        },
        "typescript": {
          "optional": true
        }
      }
    },
    "../../node_modules/.pnpm/@types+node@25.4.0/node_modules/@types/node": {
      "version": "25.4.0",
      "dev": true,
      "license": "MIT",
      "dependencies": {
        "undici-types": "~7.18.0"
      }
    },
    "../../node_modules/.pnpm/dotenv@16.6.1/node_modules/dotenv": {
      "version": "16.6.1",
      "license": "BSD-2-Clause",
      "devDependencies": {
        "@types/node": "^18.11.3",
        "decache": "^4.6.2",
        "sinon": "^14.0.1",
        "standard": "^17.0.0",
        "standard-version": "^9.5.0",
        "tap": "^19.2.0",
        "typescript": "^4.8.4"
      },
      "engines": {
        "node": ">=12"
      },
      "funding": {
        "url": "https://dotenvx.com"
      }
    },
    "../../node_modules/.pnpm/mariadb@3.5.1_@types+geojson@7946.0.16_@types+node@25.4.0/node_modules/mariadb": {
      "version": "3.5.1",
      "dev": true,
      "license": "LGPL-2.1-or-later",
      "dependencies": {
        "denque": "^2.1.0",
        "iconv-lite": "^0.7.2",
        "lru-cache": "^10.4.3"
      },
      "devDependencies": {
        "@typescript-eslint/eslint-plugin": "^8.56.0",
        "@typescript-eslint/parser": "^8.56.0",
        "benchmark": "^2.1.4",
        "chai": "^4.5.0",
        "chalk": "^5.4.1",
        "error-stack-parser": "^2.1.4",
        "eslint": "^9.31.0",
        "eslint-config-prettier": "^10.1.5",
        "eslint-plugin-prettier": "^5.5.5",
        "nyc": "^17.1.0",
        "prettier": "^3.6.2",
        "typescript": "^5.8.3",
        "vitest": "^4.0.18",
        "winston": "^3.17.0"
      },
      "engines": {
        "node": ">= 18"
      },
      "peerDependencies": {
        "@types/geojson": ">=7946.0.0",
        "@types/node": ">=18"
      },
      "peerDependenciesMeta": {
        "@types/geojson": {
          "optional": true
        },
        "@types/node": {
          "optional": true
        }
      }
    },
    "../../node_modules/.pnpm/prisma@7.4.2_@types+react@1_4f5aad015e2594669fd35014ed7809ad/node_modules/prisma": {
      "version": "7.4.2",
      "dev": true,
      "hasInstallScript": true,
      "license": "Apache-2.0",
      "dependencies": {
        "@prisma/config": "7.4.2",
        "@prisma/dev": "0.20.0",
        "@prisma/engines": "7.4.2",
        "@prisma/studio-core": "0.13.1",
        "mysql2": "3.15.3",
        "postgres": "3.4.7"
      },
      "bin": {
        "prisma": "build/index.js"
      },
      "devDependencies": {
        "@hono/node-server": "1.19.9",
        "@inquirer/prompts": "7.3.3",
        "@libsql/client": "0.8.1",
        "@modelcontextprotocol/sdk": "1.13.2",
        "@opentelemetry/api": "1.9.0",
        "@opentelemetry/context-async-hooks": "2.1.0",
        "@opentelemetry/sdk-trace-base": "2.1.0",
        "@prisma/adapter-libsql": "7.4.2",
        "@prisma/client": "7.4.2",
        "@prisma/client-generator-registry": "7.4.2",
        "@prisma/credentials-store": "7.4.2",
        "@prisma/debug": "7.4.2",
        "@prisma/dmmf": "7.4.2",
        "@prisma/driver-adapter-utils": "7.4.2",
        "@prisma/fetch-engine": "7.4.2",
        "@prisma/generator": "7.4.2",
        "@prisma/get-platform": "7.4.2",
        "@prisma/internals": "7.4.2",
        "@prisma/management-api-sdk": "0.2.0",
        "@prisma/migrate": "7.4.2",
        "@swc/core": "1.11.5",
        "@swc/jest": "0.2.37",
        "@types/better-sqlite3": "7.6.12",
        "@types/fs-extra": "11.0.4",
        "@types/jest": "29.5.14",
        "@types/node": "~20.19.24",
        "async-listen": "3.1.0",
        "better-sqlite3": "^11.10.0",
        "checkpoint-client": "1.1.33",
        "chokidar": "4.0.3",
        "dotenv": "17.2.3",
        "effect": "3.18.4",
        "env-paths": "2.2.1",
        "execa": "5.1.1",
        "fs-extra": "11.3.0",
        "get-port-please": "3.2.0",
        "get-tsconfig": "4.10.0",
        "hono": "4.11.7",
        "jest": "29.7.0",
        "jest-junit": "16.0.0",
        "kleur": "4.1.5",
        "line-replace": "2.0.1",
        "log-update": "6.1.0",
        "node-fetch": "3.3.2",
        "npm-packlist": "5.1.3",
        "ohash": "2.0.11",
        "open": "8.4.2",
        "openapi-fetch": "0.15.0",
        "openapi-typescript": "7.10.1",
        "ora": "8.2.0",
        "package-up": "5.0.0",
        "pathe": "2.0.3",
        "resolve-pkg": "2.0.0",
        "std-env": "3.10.0",
        "strip-ansi": "7.1.0",
        "ts-pattern": "5.6.2",
        "typescript": "5.4.5",
        "xdg-app-paths": "8.3.0",
        "zod": "3.24.2"
      },
      "engines": {
        "node": "^20.19 || ^22.12 || >=24.0"
      },
      "peerDependencies": {
        "better-sqlite3": ">=9.0.0",
        "typescript": ">=5.4.0"
      },
      "peerDependenciesMeta": {
        "better-sqlite3": {
          "optional": true
        },
        "typescript": {
          "optional": true
        }
      }
    },
    "../../node_modules/.pnpm/tsx@4.21.0/node_modules/tsx": {
      "version": "4.21.0",
      "dev": true,
      "license": "MIT",
      "dependencies": {
        "esbuild": "~0.27.0",
        "get-tsconfig": "^4.7.5"
      },
      "bin": {
        "tsx": "dist/cli.mjs"
      },
      "engines": {
        "node": ">=18.0.0"
      },
      "optionalDependencies": {
        "fsevents": "~2.3.3"
      }
    },
    "../../node_modules/.pnpm/typescript@5.9.2/node_modules/typescript": {
      "version": "5.9.2",
      "dev": true,
      "license": "Apache-2.0",
      "bin": {
        "tsc": "bin/tsc",
        "tsserver": "bin/tsserver"
      },
      "devDependencies": {
        "@dprint/formatter": "^0.4.1",
        "@dprint/typescript": "0.93.4",
        "@esfx/canceltoken": "^1.0.0",
        "@eslint/js": "^9.20.0",
        "@octokit/rest": "^21.1.1",
        "@types/chai": "^4.3.20",
        "@types/diff": "^7.0.1",
        "@types/minimist": "^1.2.5",
        "@types/mocha": "^10.0.10",
        "@types/ms": "^0.7.34",
        "@types/node": "latest",
        "@types/source-map-support": "^0.5.10",
        "@types/which": "^3.0.4",
        "@typescript-eslint/rule-tester": "^8.24.1",
        "@typescript-eslint/type-utils": "^8.24.1",
        "@typescript-eslint/utils": "^8.24.1",
        "azure-devops-node-api": "^14.1.0",
        "c8": "^10.1.3",
        "chai": "^4.5.0",
        "chokidar": "^4.0.3",
        "diff": "^7.0.0",
        "dprint": "^0.49.0",
        "esbuild": "^0.25.0",
        "eslint": "^9.20.1",
        "eslint-formatter-autolinkable-stylish": "^1.4.0",
        "eslint-plugin-regexp": "^2.7.0",
        "fast-xml-parser": "^4.5.2",
        "glob": "^10.4.5",
        "globals": "^15.15.0",
        "hereby": "^1.10.0",
        "jsonc-parser": "^3.3.1",
        "knip": "^5.44.4",
        "minimist": "^1.2.8",
        "mocha": "^10.8.2",
        "mocha-fivemat-progress-reporter": "^0.1.0",
        "monocart-coverage-reports": "^2.12.1",
        "ms": "^2.1.3",
        "picocolors": "^1.1.1",
        "playwright": "^1.50.1",
        "source-map-support": "^0.5.21",
        "tslib": "^2.8.1",
        "typescript": "^5.7.3",
        "typescript-eslint": "^8.24.1",
        "which": "^3.0.1"
      },
      "engines": {
        "node": ">=14.17"
      }
    },
    "node_modules/@prisma/adapter-mariadb": {
      "resolved": "../../node_modules/.pnpm/@prisma+adapter-mariadb@7.4.2/node_modules/@prisma/adapter-mariadb",
      "link": true
    },
    "node_modules/@prisma/client": {
      "resolved": "../../node_modules/.pnpm/@prisma+client@7.4.2_prisma_ee55e7c5e4768a163ad532329cca69d2/node_modules/@prisma/client",
      "link": true
    },
    "node_modules/@redis/bloom": {
      "version": "5.11.0",
      "resolved": "https://registry.npmjs.org/@redis/bloom/-/bloom-5.11.0.tgz",
      "integrity": "sha512-KYiVilAhAFN3057afUb/tfYJpsEyTkQB+tQcn5gVVA7DgcNOAj8lLxe4j8ov8BF6I9C1Fe/kwlbuAICcTMX8Lw==",
      "license": "MIT",
      "engines": {
        "node": ">= 18"
      },
      "peerDependencies": {
        "@redis/client": "^5.11.0"
      }
    },
    "node_modules/@redis/client": {
      "version": "5.11.0",
      "resolved": "https://registry.npmjs.org/@redis/client/-/client-5.11.0.tgz",
      "integrity": "sha512-GHoprlNQD51Xq2Ztd94HHV94MdFZQ3CVrpA04Fz8MVoHM0B7SlbmPEVIjwTbcv58z8QyjnrOuikS0rWF03k5dQ==",
      "license": "MIT",
      "dependencies": {
        "cluster-key-slot": "1.1.2"
      },
      "engines": {
        "node": ">= 18"
      },
      "peerDependencies": {
        "@node-rs/xxhash": "^1.1.0"
      },
      "peerDependenciesMeta": {
        "@node-rs/xxhash": {
          "optional": true
        }
      }
    },
    "node_modules/@redis/json": {
      "version": "5.11.0",
      "resolved": "https://registry.npmjs.org/@redis/json/-/json-5.11.0.tgz",
      "integrity": "sha512-1iAy9kAtcD0quB21RbPTbUqqy+T2Uu2JxucwE+B4A+VaDbIRvpZR6DMqV8Iqaws2YxJYB3GC5JVNzPYio2ErUg==",
      "license": "MIT",
      "engines": {
        "node": ">= 18"
      },
      "peerDependencies": {
        "@redis/client": "^5.11.0"
      }
    },
    "node_modules/@redis/search": {
      "version": "5.11.0",
      "resolved": "https://registry.npmjs.org/@redis/search/-/search-5.11.0.tgz",
      "integrity": "sha512-g1l7f3Rnyk/xI99oGHIgWHSKFl45Re5YTIcO8j/JE8olz389yUFyz2+A6nqVy/Zi031VgPDWscbbgOk8hlhZ3g==",
      "license": "MIT",
      "engines": {
        "node": ">= 18"
      },
      "peerDependencies": {
        "@redis/client": "^5.11.0"
      }
    },
    "node_modules/@redis/time-series": {
      "version": "5.11.0",
      "resolved": "https://registry.npmjs.org/@redis/time-series/-/time-series-5.11.0.tgz",
      "integrity": "sha512-TWFeOcU4xkj0DkndnOyhtxvX1KWD+78UHT3XX3x3XRBUGWeQrKo3jqzDsZwxbggUgf9yLJr/akFHXru66X5UQA==",
      "license": "MIT",
      "engines": {
        "node": ">= 18"
      },
      "peerDependencies": {
        "@redis/client": "^5.11.0"
      }
    },
    "node_modules/@types/node": {
      "resolved": "../../node_modules/.pnpm/@types+node@25.4.0/node_modules/@types/node",
      "link": true
    },
    "node_modules/cluster-key-slot": {
      "version": "1.1.2",
      "resolved": "https://registry.npmjs.org/cluster-key-slot/-/cluster-key-slot-1.1.2.tgz",
      "integrity": "sha512-RMr0FhtfXemyinomL4hrWcYJxmX6deFdCxpJzhDttxgO1+bcCnkk+9drydLVDmAMG7NE6aN/fl4F7ucU/90gAA==",
      "license": "Apache-2.0",
      "engines": {
        "node": ">=0.10.0"
      }
    },
    "node_modules/dotenv": {
      "resolved": "../../node_modules/.pnpm/dotenv@16.6.1/node_modules/dotenv",
      "link": true
    },
    "node_modules/mariadb": {
      "resolved": "../../node_modules/.pnpm/mariadb@3.5.1_@types+geojson@7946.0.16_@types+node@25.4.0/node_modules/mariadb",
      "link": true
    },
    "node_modules/prisma": {
      "resolved": "../../node_modules/.pnpm/prisma@7.4.2_@types+react@1_4f5aad015e2594669fd35014ed7809ad/node_modules/prisma",
      "link": true
    },
    "node_modules/redis": {
      "version": "5.11.0",
      "resolved": "https://registry.npmjs.org/redis/-/redis-5.11.0.tgz",
      "integrity": "sha512-YwXjATVDT+AuxcyfOwZn046aml9jMlQPvU1VXIlLDVAExe0u93aTfPYSeRgG4p9Q/Jlkj+LXJ1XEoFV+j2JKcQ==",
      "license": "MIT",
      "dependencies": {
        "@redis/bloom": "5.11.0",
        "@redis/client": "5.11.0",
        "@redis/json": "5.11.0",
        "@redis/search": "5.11.0",
        "@redis/time-series": "5.11.0"
      },
      "engines": {
        "node": ">= 18"
      }
    },
    "node_modules/tsx": {
      "resolved": "../../node_modules/.pnpm/tsx@4.21.0/node_modules/tsx",
      "link": true
    },
    "node_modules/typescript": {
      "resolved": "../../node_modules/.pnpm/typescript@5.9.2/node_modules/typescript",
      "link": true
    }
  }
}
